
Microsoft Visual Studio Solution File, Format Version 12.00
# Visual Studio 15
VisualStudioVersion = 15.0.27703.2035
MinimumVisualStudioVersion = 10.0.40219.1
Project("{9A19103F-16F7-4668-BE54-9A1E7A4F7556}") = "Galaxy.Base", "Galaxy.Base\Galaxy.Base.csproj", "{114F106C-0CDE-4FEB-8A9D-F2A48EBE0418}"
EndProject
Project("{9A19103F-16F7-4668-BE54-9A1E7A4F7556}") = "Galaxy.Base.Data", "Galaxy.Base.Data\Galaxy.Base.Data.csproj", "{73CCDB55-26AF-43D1-B895-53C10926486F}"
EndProject
Project("{9A19103F-16F7-4668-BE54-9A1E7A4F7556}") = "Galaxy.TestConsole.App", "Galaxy.TestConsole.App\Galaxy.TestConsole.App.csproj", "{41FEB85B-B965-4D3B-B67C-0CC368CBCD5A}"
EndProject
Project("{9A19103F-16F7-4668-BE54-9A1E7A4F7556}") = "Galaxy.DependencyInjection", "Galaxy.DependencyInjection\Galaxy.DependencyInjection.csproj", "{764A341D-E79C-409A-912F-3C28E42F5BAF}"
EndProject
Project("{FAE04EC0-301F-11D3-BF4B-00C04F79EFBC}") = "Sky.Business", "Sky.Business\Sky.Business.csproj", "{ECC33237-5F00-4901-8B49-9215F08392D7}"
EndProject
Global
	GlobalSection(SolutionConfigurationPlatforms) = preSolution
		Debug|Any CPU = Debug|Any CPU
		Release|Any CPU = Release|Any CPU
	EndGlobalSection
	GlobalSection(ProjectConfigurationPlatforms) = postSolution
		{114F106C-0CDE-4FEB-8A9D-F2A48EBE0418}.Debug|Any CPU.ActiveCfg = Debug|Any CPU
		{114F106C-0CDE-4FEB-8A9D-F2A48EBE0418}.Debug|Any CPU.Build.0 = Debug|Any CPU
		{114F106C-0CDE-4FEB-8A9D-F2A48EBE0418}.Release|Any CPU.ActiveCfg = Release|Any CPU
		{114F106C-0CDE-4FEB-8A9D-F2A48EBE0418}.Release|Any CPU.Build.0 = Release|Any CPU
		{73CCDB55-26AF-43D1-B895-53C10926486F}.Debug|Any CPU.ActiveCfg = Debug|Any CPU
		{73CCDB55-26AF-43D1-B895-53C10926486F}.Debug|Any CPU.Build.0 = Debug|Any CPU
		{73CCDB55-26AF-43D1-B895-53C10926486F}.Release|Any CPU.ActiveCfg = Release|Any CPU
		{73CCDB55-26AF-43D1-B895-53C10926486F}.Release|Any CPU.Build.0 = Release|Any CPU
		{41FEB85B-B965-4D3B-B67C-0CC368CBCD5A}.Debug|Any CPU.ActiveCfg = Debug|Any CPU
		{41FEB85B-B965-4D3B-B67C-0CC368CBCD5A}.Debug|Any CPU.Build.0 = Debug|Any CPU
		{41FEB85B-B965-4D3B-B67C-0CC368CBCD5A}.Release|Any CPU.ActiveCfg = Release|Any CPU
		{41FEB85B-B965-4D3B-B67C-0CC368CBCD5A}.Release|Any CPU.Build.0 = Release|Any CPU
		{764A341D-E79C-409A-912F-3C28E42F5BAF}.Debug|Any CPU.ActiveCfg = Debug|Any CPU
		{764A341D-E79C-409A-912F-3C28E42F5BAF}.Debug|Any CPU.Build.0 = Debug|Any CPU
		{764A341D-E79C-409A-912F-3C28E42F5BAF}.Release|Any CPU.ActiveCfg = Release|Any CPU
		{764A341D-E79C-409A-912F-3C28E42F5BAF}.Release|Any CPU.Build.0 = Release|Any CPU
		{ECC33237-5F00-4901-8B49-9215F08392D7}.Debug|Any CPU.ActiveCfg = Debug|Any CPU
		{ECC33237-5F00-4901-8B49-9215F08392D7}.Debug|Any CPU.Build.0 = Debug|Any CPU
		{ECC33237-5F00-4901-8B49-9215F08392D7}.Release|Any CPU.ActiveCfg = Release|Any CPU
		{ECC33237-5F00-4901-8B49-9215F08392D7}.Release|Any CPU.Build.0 = Release|Any CPU
	EndGlobalSection
	GlobalSection(SolutionProperties) = preSolution
		HideSolutionNode = FALSE
	EndGlobalSection
	GlobalSection(ExtensibilityGlobals) = postSolution
		SolutionGuid = {21BF9909-BDFF-40EC-80BE-71699597039F}
	EndGlobalSection
EndGlobal
